
Microsoft Visual Studio Solution File, Format Version 12.00
# Visual Studio Version 16
VisualStudioVersion = 16.0.31729.503
MinimumVisualStudioVersion = 10.0.40219.1
Project("{FAE04EC0-301F-11D3-BF4B-00C04F79EFBC}") = "MCD_OOP_Ornek", "MCD_OOP_Ornek\MCD_OOP_Ornek.csproj", "{464F5611-298F-4EEB-B57E-C7BD9CDE7E6C}"
EndProject
Global
	GlobalSection(SolutionConfigurationPlatforms) = preSolution
		Debug|Any CPU = Debug|Any CPU
		Release|Any CPU = Release|Any CPU
	EndGlobalSection
	GlobalSection(ProjectConfigurationPlatforms) = postSolution
		{464F5611-298F-4EEB-B57E-C7BD9CDE7E6C}.Debug|Any CPU.ActiveCfg = Debug|Any CPU
		{464F5611-298F-4EEB-B57E-C7BD9CDE7E6C}.Debug|Any CPU.Build.0 = Debug|Any CPU
		{464F5611-298F-4EEB-B57E-C7BD9CDE7E6C}.Release|Any CPU.ActiveCfg = Release|Any CPU
		{464F5611-298F-4EEB-B57E-C7BD9CDE7E6C}.Release|Any CPU.Build.0 = Release|Any CPU
	EndGlobalSection
	GlobalSection(SolutionProperties) = preSolution
		HideSolutionNode = FALSE
	EndGlobalSection
	GlobalSection(ExtensibilityGlobals) = postSolution
		SolutionGuid = {8E2778D8-7722-4F0D-AC93-BB241D89F577}
	EndGlobalSection
EndGlobal
